
Microsoft Visual Studio Solution File, Format Version 12.00
# Visual Studio Version 17
VisualStudioVersion = 17.8.34309.116
MinimumVisualStudioVersion = 10.0.40219.1
Project("{2150E333-8FDC-42A3-9474-1A3956D46DE8}") = "ApiGateways", "ApiGateways", "{4CAA956A-D256-47E7-B5E8-504169943838}"
EndProject
Project("{2150E333-8FDC-42A3-9474-1A3956D46DE8}") = "BuildingBlocks", "BuildingBlocks", "{F774064D-320F-425A-9B2A-5639B161A825}"
EndProject
Project("{2150E333-8FDC-42A3-9474-1A3956D46DE8}") = "Services", "Services", "{C69DC76F-8B90-4F0A-A3B8-0381259A8967}"
EndProject
Project("{2150E333-8FDC-42A3-9474-1A3956D46DE8}") = "Authentication", "Authentication", "{816D2BD5-B84A-437B-A9E0-7AAA54A0CDEA}"
EndProject
Project("{9A19103F-16F7-4668-BE54-9A1E7A4F7556}") = "Authentication.API", "Authentication.API\Authentication.API.csproj", "{A4363B51-272A-43F4-9295-4F32F39D23BA}"
EndProject
Project("{9A19103F-16F7-4668-BE54-9A1E7A4F7556}") = "Authentication.Domain", "Authentication.Domain\Authentication.Domain.csproj", "{9BF73358-1C7E-4F1F-9458-327063A2FA2B}"
EndProject
Project("{9A19103F-16F7-4668-BE54-9A1E7A4F7556}") = "Authenticaion.Application", "Authenticaion.Application\Authenticaion.Application.csproj", "{CAB82D43-9FA6-4569-B9EE-8AB48255AA09}"
EndProject
Project("{9A19103F-16F7-4668-BE54-9A1E7A4F7556}") = "Authentication.Infrastructure", "Authentication.Infrastructure\Authentication.Infrastructure.csproj", "{0C1F5526-B541-4141-9AA6-1409C0DB37B1}"
EndProject
Project("{9A19103F-16F7-4668-BE54-9A1E7A4F7556}") = "BuildingBlocks", "BuildingBlocks\BuildingBlocks.csproj", "{E3F6C1E5-6867-4013-B1F7-5DA8816F7325}"
EndProject
Project("{9A19103F-16F7-4668-BE54-9A1E7A4F7556}") = "YarpApiGateway", "YarpApiGateway\YarpApiGateway.csproj", "{08840208-1055-4B88-A24D-BAE6F8FC7A73}"
EndProject
Project("{2150E333-8FDC-42A3-9474-1A3956D46DE8}") = "Item", "Item", "{7BDDD343-0DD7-4840-81A1-5BC1CC101644}"
EndProject
Project("{2150E333-8FDC-42A3-9474-1A3956D46DE8}") = "ProductionPlanning", "ProductionPlanning", "{2E9B18F8-1BFA-4158-A468-CD6EF860C795}"
EndProject
Project("{9A19103F-16F7-4668-BE54-9A1E7A4F7556}") = "Item.API", "Item.API\Item.API.csproj", "{DAD08311-21F7-4203-A484-F0C868E5C59E}"
EndProject
Project("{9A19103F-16F7-4668-BE54-9A1E7A4F7556}") = "ProductionPlanning.API", "ProductionPlanning.API\ProductionPlanning.API.csproj", "{4BCCD5F4-654B-4936-995C-58E4F63D1FD6}"
EndProject
Project("{9A19103F-16F7-4668-BE54-9A1E7A4F7556}") = "BuildingBlocks.Messaging", "BuildingBlocks.Messaging\BuildingBlocks.Messaging.csproj", "{456CA465-62E8-4274-A0EB-6538180DF203}"
EndProject
Project("{2150E333-8FDC-42A3-9474-1A3956D46DE8}") = "Reporting", "Reporting", "{552EE8AF-F058-4475-BA82-7E92097A7659}"
EndProject
Project("{9A19103F-16F7-4668-BE54-9A1E7A4F7556}") = "Reporting", "Reporting\Reporting.csproj", "{285C4F5B-937C-4604-9620-BF6FBDCE485C}"
EndProject
Project("{9A19103F-16F7-4668-BE54-9A1E7A4F7556}") = "ReportingService", "ReportingService\ReportingService.csproj", "{56E828E0-6049-4417-BB01-874EDE1AD9A2}"
EndProject
Global
	GlobalSection(SolutionConfigurationPlatforms) = preSolution
		Debug|Any CPU = Debug|Any CPU
		Release|Any CPU = Release|Any CPU
	EndGlobalSection
	GlobalSection(ProjectConfigurationPlatforms) = postSolution
		{A4363B51-272A-43F4-9295-4F32F39D23BA}.Debug|Any CPU.ActiveCfg = Debug|Any CPU
		{A4363B51-272A-43F4-9295-4F32F39D23BA}.Debug|Any CPU.Build.0 = Debug|Any CPU
		{A4363B51-272A-43F4-9295-4F32F39D23BA}.Release|Any CPU.ActiveCfg = Release|Any CPU
		{A4363B51-272A-43F4-9295-4F32F39D23BA}.Release|Any CPU.Build.0 = Release|Any CPU
		{9BF73358-1C7E-4F1F-9458-327063A2FA2B}.Debug|Any CPU.ActiveCfg = Debug|Any CPU
		{9BF73358-1C7E-4F1F-9458-327063A2FA2B}.Debug|Any CPU.Build.0 = Debug|Any CPU
		{9BF73358-1C7E-4F1F-9458-327063A2FA2B}.Release|Any CPU.ActiveCfg = Release|Any CPU
		{9BF73358-1C7E-4F1F-9458-327063A2FA2B}.Release|Any CPU.Build.0 = Release|Any CPU
		{CAB82D43-9FA6-4569-B9EE-8AB48255AA09}.Debug|Any CPU.ActiveCfg = Debug|Any CPU
		{CAB82D43-9FA6-4569-B9EE-8AB48255AA09}.Debug|Any CPU.Build.0 = Debug|Any CPU
		{CAB82D43-9FA6-4569-B9EE-8AB48255AA09}.Release|Any CPU.ActiveCfg = Release|Any CPU
		{CAB82D43-9FA6-4569-B9EE-8AB48255AA09}.Release|Any CPU.Build.0 = Release|Any CPU
		{0C1F5526-B541-4141-9AA6-1409C0DB37B1}.Debug|Any CPU.ActiveCfg = Debug|Any CPU
		{0C1F5526-B541-4141-9AA6-1409C0DB37B1}.Debug|Any CPU.Build.0 = Debug|Any CPU
		{0C1F5526-B541-4141-9AA6-1409C0DB37B1}.Release|Any CPU.ActiveCfg = Release|Any CPU
		{0C1F5526-B541-4141-9AA6-1409C0DB37B1}.Release|Any CPU.Build.0 = Release|Any CPU
		{E3F6C1E5-6867-4013-B1F7-5DA8816F7325}.Debug|Any CPU.ActiveCfg = Debug|Any CPU
		{E3F6C1E5-6867-4013-B1F7-5DA8816F7325}.Debug|Any CPU.Build.0 = Debug|Any CPU
		{E3F6C1E5-6867-4013-B1F7-5DA8816F7325}.Release|Any CPU.ActiveCfg = Release|Any CPU
		{E3F6C1E5-6867-4013-B1F7-5DA8816F7325}.Release|Any CPU.Build.0 = Release|Any CPU
		{08840208-1055-4B88-A24D-BAE6F8FC7A73}.Debug|Any CPU.ActiveCfg = Debug|Any CPU
		{08840208-1055-4B88-A24D-BAE6F8FC7A73}.Debug|Any CPU.Build.0 = Debug|Any CPU
		{08840208-1055-4B88-A24D-BAE6F8FC7A73}.Release|Any CPU.ActiveCfg = Release|Any CPU
		{08840208-1055-4B88-A24D-BAE6F8FC7A73}.Release|Any CPU.Build.0 = Release|Any CPU
		{DAD08311-21F7-4203-A484-F0C868E5C59E}.Debug|Any CPU.ActiveCfg = Debug|Any CPU
		{DAD08311-21F7-4203-A484-F0C868E5C59E}.Debug|Any CPU.Build.0 = Debug|Any CPU
		{DAD08311-21F7-4203-A484-F0C868E5C59E}.Release|Any CPU.ActiveCfg = Release|Any CPU
		{DAD08311-21F7-4203-A484-F0C868E5C59E}.Release|Any CPU.Build.0 = Release|Any CPU
		{4BCCD5F4-654B-4936-995C-58E4F63D1FD6}.Debug|Any CPU.ActiveCfg = Debug|Any CPU
		{4BCCD5F4-654B-4936-995C-58E4F63D1FD6}.Debug|Any CPU.Build.0 = Debug|Any CPU
		{4BCCD5F4-654B-4936-995C-58E4F63D1FD6}.Release|Any CPU.ActiveCfg = Release|Any CPU
		{4BCCD5F4-654B-4936-995C-58E4F63D1FD6}.Release|Any CPU.Build.0 = Release|Any CPU
		{456CA465-62E8-4274-A0EB-6538180DF203}.Debug|Any CPU.ActiveCfg = Debug|Any CPU
		{456CA465-62E8-4274-A0EB-6538180DF203}.Debug|Any CPU.Build.0 = Debug|Any CPU
		{456CA465-62E8-4274-A0EB-6538180DF203}.Release|Any CPU.ActiveCfg = Release|Any CPU
		{456CA465-62E8-4274-A0EB-6538180DF203}.Release|Any CPU.Build.0 = Release|Any CPU
		{285C4F5B-937C-4604-9620-BF6FBDCE485C}.Debug|Any CPU.ActiveCfg = Debug|Any CPU
		{285C4F5B-937C-4604-9620-BF6FBDCE485C}.Debug|Any CPU.Build.0 = Debug|Any CPU
		{285C4F5B-937C-4604-9620-BF6FBDCE485C}.Release|Any CPU.ActiveCfg = Release|Any CPU
		{285C4F5B-937C-4604-9620-BF6FBDCE485C}.Release|Any CPU.Build.0 = Release|Any CPU
		{56E828E0-6049-4417-BB01-874EDE1AD9A2}.Debug|Any CPU.ActiveCfg = Debug|Any CPU
		{56E828E0-6049-4417-BB01-874EDE1AD9A2}.Debug|Any CPU.Build.0 = Debug|Any CPU
		{56E828E0-6049-4417-BB01-874EDE1AD9A2}.Release|Any CPU.ActiveCfg = Release|Any CPU
		{56E828E0-6049-4417-BB01-874EDE1AD9A2}.Release|Any CPU.Build.0 = Release|Any CPU
	EndGlobalSection
	GlobalSection(SolutionProperties) = preSolution
		HideSolutionNode = FALSE
	EndGlobalSection
	GlobalSection(NestedProjects) = preSolution
		{816D2BD5-B84A-437B-A9E0-7AAA54A0CDEA} = {C69DC76F-8B90-4F0A-A3B8-0381259A8967}
		{A4363B51-272A-43F4-9295-4F32F39D23BA} = {816D2BD5-B84A-437B-A9E0-7AAA54A0CDEA}
		{9BF73358-1C7E-4F1F-9458-327063A2FA2B} = {816D2BD5-B84A-437B-A9E0-7AAA54A0CDEA}
		{CAB82D43-9FA6-4569-B9EE-8AB48255AA09} = {816D2BD5-B84A-437B-A9E0-7AAA54A0CDEA}
		{0C1F5526-B541-4141-9AA6-1409C0DB37B1} = {816D2BD5-B84A-437B-A9E0-7AAA54A0CDEA}
		{E3F6C1E5-6867-4013-B1F7-5DA8816F7325} = {F774064D-320F-425A-9B2A-5639B161A825}
		{08840208-1055-4B88-A24D-BAE6F8FC7A73} = {4CAA956A-D256-47E7-B5E8-504169943838}
		{7BDDD343-0DD7-4840-81A1-5BC1CC101644} = {C69DC76F-8B90-4F0A-A3B8-0381259A8967}
		{2E9B18F8-1BFA-4158-A468-CD6EF860C795} = {C69DC76F-8B90-4F0A-A3B8-0381259A8967}
		{DAD08311-21F7-4203-A484-F0C868E5C59E} = {7BDDD343-0DD7-4840-81A1-5BC1CC101644}
		{4BCCD5F4-654B-4936-995C-58E4F63D1FD6} = {2E9B18F8-1BFA-4158-A468-CD6EF860C795}
		{456CA465-62E8-4274-A0EB-6538180DF203} = {F774064D-320F-425A-9B2A-5639B161A825}
		{552EE8AF-F058-4475-BA82-7E92097A7659} = {C69DC76F-8B90-4F0A-A3B8-0381259A8967}
		{285C4F5B-937C-4604-9620-BF6FBDCE485C} = {552EE8AF-F058-4475-BA82-7E92097A7659}
		{56E828E0-6049-4417-BB01-874EDE1AD9A2} = {552EE8AF-F058-4475-BA82-7E92097A7659}
	EndGlobalSection
	GlobalSection(ExtensibilityGlobals) = postSolution
		SolutionGuid = {BFBE82AA-822F-4F1D-818F-168B365FA486}
	EndGlobalSection
EndGlobal
